// !$*UTF8*$!
{
	archiveVersion = 1;
	classes = {
	};
	objectVersion = 56;
	objects = {

/* Begin PBXBuildFile section */
		541F58ED2B13DAC00011B157 /* AppDelegate.swift in Sources */ = {isa = PBXBuildFile; fileRef = 541F58EC2B13DAC00011B157 /* AppDelegate.swift */; };
		541F58EF2B13DAC00011B157 /* SceneDelegate.swift in Sources */ = {isa = PBXBuildFile; fileRef = 541F58EE2B13DAC00011B157 /* SceneDelegate.swift */; };
		541F58F12B13DAC00011B157 /* ViewController.swift in Sources */ = {isa = PBXBuildFile; fileRef = 541F58F02B13DAC00011B157 /* ViewController.swift */; };
		541F58F42B13DAC00011B157 /* Main.storyboard in Resources */ = {isa = PBXBuildFile; fileRef = 541F58F22B13DAC00011B157 /* Main.storyboard */; };
		541F58F72B13DAC00011B157 /* Lessons2.xcdatamodeld in Sources */ = {isa = PBXBuildFile; fileRef = 541F58F52B13DAC00011B157 /* Lessons2.xcdatamodeld */; };
		541F58F92B13DAC30011B157 /* Assets.xcassets in Resources */ = {isa = PBXBuildFile; fileRef = 541F58F82B13DAC30011B157 /* Assets.xcassets */; };
		541F58FC2B13DAC30011B157 /* LaunchScreen.storyboard in Resources */ = {isa = PBXBuildFile; fileRef = 541F58FA2B13DAC30011B157 /* LaunchScreen.storyboard */; };
		E8D986FDB95DE49DE1AA56EB /* Pods_Lessons2.framework in Frameworks */ = {isa = PBXBuildFile; fileRef = 43D6801C961A3896AE719762 /* Pods_Lessons2.framework */; };
/* End PBXBuildFile section */

/* Begin PBXFileReference section */
		288EA741E89225FF8690D6B5 /* Pods-Lessons2.release.xcconfig */ = {isa = PBXFileReference; includeInIndex = 1; lastKnownFileType = text.xcconfig; name = "Pods-Lessons2.release.xcconfig"; path = "Target Support Files/Pods-Lessons2/Pods-Lessons2.release.xcconfig"; sourceTree = "<group>"; };
		43D6801C961A3896AE719762 /* Pods_Lessons2.framework */ = {isa = PBXFileReference; explicitFileType = wrapper.framework; includeInIndex = 0; path = Pods_Lessons2.framework; sourceTree = BUILT_PRODUCTS_DIR; };
		541F58E92B13DAC00011B157 /* Lessons2.app */ = {isa = PBXFileReference; explicitFileType = wrapper.application; includeInIndex = 0; path = Lessons2.app; sourceTree = BUILT_PRODUCTS_DIR; };
		541F58EC2B13DAC00011B157 /* AppDelegate.swift */ = {isa = PBXFileReference; lastKnownFileType = sourcecode.swift; path = AppDelegate.swift; sourceTree = "<group>"; };
		541F58EE2B13DAC00011B157 /* SceneDelegate.swift */ = {isa = PBXFileReference; lastKnownFileType = sourcecode.swift; path = SceneDelegate.swift; sourceTree = "<group>"; };
		541F58F02B13DAC00011B157 /* ViewController.swift */ = {isa = PBXFileReference; lastKnownFileType = sourcecode.swift; path = ViewController.swift; sourceTree = "<group>"; };
		541F58F32B13DAC00011B157 /* Base */ = {isa = PBXFileReference; lastKnownFileType = file.storyboard; name = Base; path = Base.lproj/Main.storyboard; sourceTree = "<group>"; };
		541F58F62B13DAC00011B157 /* Lessons2.xcdatamodel */ = {isa = PBXFileReference; lastKnownFileType = wrapper.xcdatamodel; path = Lessons2.xcdatamodel; sourceTree = "<group>"; };
		541F58F82B13DAC30011B157 /* Assets.xcassets */ = {isa = PBXFileReference; lastKnownFileType = folder.assetcatalog; path = Assets.xcassets; sourceTree = "<group>"; };
		541F58FB2B13DAC30011B157 /* Base */ = {isa = PBXFileReference; lastKnownFileType = file.storyboard; name = Base; path = Base.lproj/LaunchScreen.storyboard; sourceTree = "<group>"; };
		541F58FD2B13DAC30011B157 /* Info.plist */ = {isa = PBXFileReference; lastKnownFileType = text.plist.xml; path = Info.plist; sourceTree = "<group>"; };
		8E13B19C447F6B642F4347B9 /* Pods-Lessons2.debug.xcconfig */ = {isa = PBXFileReference; includeInIndex = 1; lastKnownFileType = text.xcconfig; name = "Pods-Lessons2.debug.xcconfig"; path = "Target Support Files/Pods-Lessons2/Pods-Lessons2.debug.xcconfig"; sourceTree = "<group>"; };
/* End PBXFileReference section */

/* Begin PBXFrameworksBuildPhase section */
		541F58E62B13DAC00011B157 /* Frameworks */ = {
			isa = PBXFrameworksBuildPhase;
			buildActionMask = 2147483647;
			files = (
				E8D986FDB95DE49DE1AA56EB /* Pods_Lessons2.framework in Frameworks */,
			);
			runOnlyForDeploymentPostprocessing = 0;
		};
/* End PBXFrameworksBuildPhase section */

/* Begin PBXGroup section */
		541F58E02B13DAC00011B157 = {
			isa = PBXGroup;
			children = (
				541F58EB2B13DAC00011B157 /* Lessons2 */,
				541F58EA2B13DAC00011B157 /* Products */,
				FEC13E3CDD08F0C8D92B1EB6 /* Pods */,
				7128DC4C0F67A65B228A77FB /* Frameworks */,
			);
			sourceTree = "<group>";
		};
		541F58EA2B13DAC00011B157 /* Products */ = {
			isa = PBXGroup;
			children = (
				541F58E92B13DAC00011B157 /* Lessons2.app */,
			);
			name = Products;
			sourceTree = "<group>";
		};
		541F58EB2B13DAC00011B157 /* Lessons2 */ = {
			isa = PBXGroup;
			children = (
				541F58EC2B13DAC00011B157 /* AppDelegate.swift */,
				541F58EE2B13DAC00011B157 /* SceneDelegate.swift */,
				541F58F02B13DAC00011B157 /* ViewController.swift */,
				541F58F22B13DAC00011B157 /* Main.storyboard */,
				541F58F82B13DAC30011B157 /* Assets.xcassets */,
				541F58FA2B13DAC30011B157 /* LaunchScreen.storyboard */,
				541F58FD2B13DAC30011B157 /* Info.plist */,
				541F58F52B13DAC00011B157 /* Lessons2.xcdatamodeld */,
			);
			path = Lessons2;
			sourceTree = "<group>";
		};
		7128DC4C0F67A65B228A77FB /* Frameworks */ = {
			isa = PBXGroup;
			children = (
				43D6801C961A3896AE719762 /* Pods_Lessons2.framework */,
			);
			name = Frameworks;
			sourceTree = "<group>";
		};
		FEC13E3CDD08F0C8D92B1EB6 /* Pods */ = {
			isa = PBXGroup;
			children = (
				8E13B19C447F6B642F4347B9 /* Pods-Lessons2.debug.xcconfig */,
				288EA741E89225FF8690D6B5 /* Pods-Lessons2.release.xcconfig */,
			);
			name = Pods;
			path = Pods;
			sourceTree = "<group>";
		};
/* End PBXGroup section */

/* Begin PBXNativeTarget section */
		541F58E82B13DAC00011B157 /* Lessons2 */ = {
			isa = PBXNativeTarget;
			buildConfigurationList = 541F59002B13DAC30011B157 /* Build configuration list for PBXNativeTarget "Lessons2" */;
			buildPhases = (
				9CB8A34724CA374D758A1502 /* [CP] Check Pods Manifest.lock */,
				541F58E52B13DAC00011B157 /* Sources */,
				541F58E62B13DAC00011B157 /* Frameworks */,
				541F58E72B13DAC00011B157 /* Resources */,
			);
			buildRules = (
			);
			dependencies = (
			);
			name = Lessons2;
			productName = Lessons2;
			productReference = 541F58E92B13DAC00011B157 /* Lessons2.app */;
			productType = "com.apple.product-type.application";
		};
/* End PBXNativeTarget section */

/* Begin PBXProject section */
		541F58E12B13DAC00011B157 /* Project object */ = {
			isa = PBXProject;
			attributes = {
				BuildIndependentTargetsInParallel = 1;
				LastSwiftUpdateCheck = 1500;
				LastUpgradeCheck = 1500;
				TargetAttributes = {
					541F58E82B13DAC00011B157 = {
						CreatedOnToolsVersion = 15.0.1;
					};
				};
			};
			buildConfigurationList = 541F58E42B13DAC00011B157 /* Build configuration list for PBXProject "Lessons2" */;
			compatibilityVersion = "Xcode 14.0";
			developmentRegion = en;
			hasScannedForEncodings = 0;
			knownRegions = (
				en,
				Base,
			);
			mainGroup = 541F58E02B13DAC00011B157;
			productRefGroup = 541F58EA2B13DAC00011B157 /* Products */;
			projectDirPath = "";
			projectRoot = "";
			targets = (
				541F58E82B13DAC00011B157 /* Lessons2 */,
			);
		};
/* End PBXProject section */

/* Begin PBXResourcesBuildPhase section */
		541F58E72B13DAC00011B157 /* Resources */ = {
			isa = PBXResourcesBuildPhase;
			buildActionMask = 2147483647;
			files = (
				541F58FC2B13DAC30011B157 /* LaunchScreen.storyboard in Resources */,
				541F58F92B13DAC30011B157 /* Assets.xcassets in Resources */,
				541F58F42B13DAC00011B157 /* Main.storyboard in Resources */,
			);
			runOnlyForDeploymentPostprocessing = 0;
		};
/* End PBXResourcesBuildPhase section */

/* Begin PBXShellScriptBuildPhase section */
		9CB8A34724CA374D758A1502 /* [CP] Check Pods Manifest.lock */ = {
			isa = PBXShellScriptBuildPhase;
			buildActionMask = 2147483647;
			files = (
			);
			inputFileListPaths = (
			);
			inputPaths = (
				"${PODS_PODFILE_DIR_PATH}/Podfile.lock",
				"${PODS_ROOT}/Manifest.lock",
			);
			name = "[CP] Check Pods Manifest.lock";
			outputFileListPaths = (
			);
			outputPaths = (
				"$(DERIVED_FILE_DIR)/Pods-Lessons2-checkManifestLockResult.txt",
			);
			runOnlyForDeploymentPostprocessing = 0;
			shellPath = /bin/sh;
			shellScript = "diff \"${PODS_PODFILE_DIR_PATH}/Podfile.lock\" \"${PODS_ROOT}/Manifest.lock\" > /dev/null\nif [ $? != 0 ] ; then\n    # print error to STDERR\n    echo \"error: The sandbox is not in sync with the Podfile.lock. Run 'pod install' or update your CocoaPods installation.\" >&2\n    exit 1\nfi\n# This output is used by Xcode 'outputs' to avoid re-running this script phase.\necho \"SUCCESS\" > \"${SCRIPT_OUTPUT_FILE_0}\"\n";
			showEnvVarsInLog = 0;
		};
/* End PBXShellScriptBuildPhase section */

/* Begin PBXSourcesBuildPhase section */
		541F58E52B13DAC00011B157 /* Sources */ = {
			isa = PBXSourcesBuildPhase;
			buildActionMask = 2147483647;
			files = (
				541F58F12B13DAC00011B157 /* ViewController.swift in Sources */,
				541F58ED2B13DAC00011B157 /* AppDelegate.swift in Sources */,
				541F58F72B13DAC00011B157 /* Lessons2.xcdatamodeld in Sources */,
				541F58EF2B13DAC00011B157 /* SceneDelegate.swift in Sources */,
			);
			runOnlyForDeploymentPostprocessing = 0;
		};
/* End PBXSourcesBuildPhase section */

/* Begin PBXVariantGroup section */
		541F58F22B13DAC00011B157 /* Main.storyboard */ = {
			isa = PBXVariantGroup;
			children = (
				541F58F32B13DAC00011B157 /* Base */,
			);
			name = Main.storyboard;
			sourceTree = "<group>";
		};
		541F58FA2B13DAC30011B157 /* LaunchScreen.storyboard */ = {
			isa = PBXVariantGroup;
			children = (
				541F58FB2B13DAC30011B157 /* Base */,
			);
			name = LaunchScreen.storyboard;
			sourceTree = "<group>";
		};
/* End PBXVariantGroup section */

/* Begin XCBuildConfiguration section */
		541F58FE2B13DAC30011B157 /* Debug */ = {
			isa = XCBuildConfiguration;
			buildSettings = {
				ALWAYS_SEARCH_USER_PATHS = NO;
				ASSETCATALOG_COMPILER_GENERATE_SWIFT_ASSET_SYMBOL_EXTENSIONS = YES;
				CLANG_ANALYZER_NONNULL = YES;
				CLANG_ANALYZER_NUMBER_OBJECT_CONVERSION = YES_AGGRESSIVE;
				CLANG_CXX_LANGUAGE_STANDARD = "gnu++20";
				CLANG_ENABLE_MODULES = YES;
				CLANG_ENABLE_OBJC_ARC = YES;
				CLANG_ENABLE_OBJC_WEAK = YES;
				CLANG_WARN_BLOCK_CAPTURE_AUTORELEASING = YES;
				CLANG_WARN_BOOL_CONVERSION = YES;
				CLANG_WARN_COMMA = YES;
				CLANG_WARN_CONSTANT_CONVERSION = YES;
				CLANG_WARN_DEPRECATED_OBJC_IMPLEMENTATIONS = YES;
				CLANG_WARN_DIRECT_OBJC_ISA_USAGE = YES_ERROR;
				CLANG_WARN_DOCUMENTATION_COMMENTS = YES;
				CLANG_WARN_EMPTY_BODY = YES;
				CLANG_WARN_ENUM_CONVERSION = YES;
				CLANG_WARN_INFINITE_RECURSION = YES;
				CLANG_WARN_INT_CONVERSION = YES;
				CLANG_WARN_NON_LITERAL_NULL_CONVERSION = YES;
				CLANG_WARN_OBJC_IMPLICIT_RETAIN_SELF = YES;
				CLANG_WARN_OBJC_LITERAL_CONVERSION = YES;
				CLANG_WARN_OBJC_ROOT_CLASS = YES_ERROR;
				CLANG_WARN_QUOTED_INCLUDE_IN_FRAMEWORK_HEADER = YES;
				CLANG_WARN_RANGE_LOOP_ANALYSIS = YES;
				CLANG_WARN_STRICT_PROTOTYPES = YES;
				CLANG_WARN_SUSPICIOUS_MOVE = YES;
				CLANG_WARN_UNGUARDED_AVAILABILITY = YES_AGGRESSIVE;
				CLANG_WARN_UNREACHABLE_CODE = YES;
				CLANG_WARN__DUPLICATE_METHOD_MATCH = YES;
				COPY_PHASE_STRIP = NO;
				DEBUG_INFORMATION_FORMAT = dwarf;
				ENABLE_STRICT_OBJC_MSGSEND = YES;
				ENABLE_TESTABILITY = YES;
				ENABLE_USER_SCRIPT_SANDBOXING = YES;
				GCC_C_LANGUAGE_STANDARD = gnu17;
				GCC_DYNAMIC_NO_PIC = NO;
				GCC_NO_COMMON_BLOCKS = YES;
				GCC_OPTIMIZATION_LEVEL = 0;
				GCC_PREPROCESSOR_DEFINITIONS = (
					"DEBUG=1",
					"$(inherited)",
				);
				GCC_WARN_64_TO_32_BIT_CONVERSION = YES;
				GCC_WARN_ABOUT_RETURN_TYPE = YES_ERROR;
				GCC_WARN_UNDECLARED_SELECTOR = YES;
				GCC_WARN_UNINITIALIZED_AUTOS = YES_AGGRESSIVE;
				GCC_WARN_UNUSED_FUNCTION = YES;
				GCC_WARN_UNUSED_VARIABLE = YES;
				IPHONEOS_DEPLOYMENT_TARGET = 17.0;
				LOCALIZATION_PREFERS_STRING_CATALOGS = YES;
				MTL_ENABLE_DEBUG_INFO = INCLUDE_SOURCE;
				MTL_FAST_MATH = YES;
				ONLY_ACTIVE_ARCH = YES;
				SDKROOT = iphoneos;
				SWIFT_ACTIVE_COMPILATION_CONDITIONS = "DEBUG $(inherited)";
				SWIFT_OPTIMIZATION_LEVEL = "-Onone";
			};
			name = Debug;
		};
		541F58FF2B13DAC30011B157 /* Release */ = {
			isa = XCBuildConfiguration;
			buildSettings = {
				ALWAYS_SEARCH_USER_PATHS = NO;
				ASSETCATALOG_COMPILER_GENERATE_SWIFT_ASSET_SYMBOL_EXTENSIONS = YES;
				CLANG_ANALYZER_NONNULL = YES;
				CLANG_ANALYZER_NUMBER_OBJECT_CONVERSION = YES_AGGRESSIVE;
				CLANG_CXX_LANGUAGE_STANDARD = "gnu++20";
				CLANG_ENABLE_MODULES = YES;
				CLANG_ENABLE_OBJC_ARC = YES;
				CLANG_ENABLE_OBJC_WEAK = YES;
				CLANG_WARN_BLOCK_CAPTURE_AUTORELEASING = YES;
				CLANG_WARN_BOOL_CONVERSION = YES;
				CLANG_WARN_COMMA = YES;
				CLANG_WARN_CONSTANT_CONVERSION = YES;
				CLANG_WARN_DEPRECATED_OBJC_IMPLEMENTATIONS = YES;
				CLANG_WARN_DIRECT_OBJC_ISA_USAGE = YES_ERROR;
				CLANG_WARN_DOCUMENTATION_COMMENTS = YES;
				CLANG_WARN_EMPTY_BODY = YES;
				CLANG_WARN_ENUM_CONVERSION = YES;
				CLANG_WARN_INFINITE_RECURSION = YES;
				CLANG_WARN_INT_CONVERSION = YES;
				CLANG_WARN_NON_LITERAL_NULL_CONVERSION = YES;
				CLANG_WARN_OBJC_IMPLICIT_RETAIN_SELF = YES;
				CLANG_WARN_OBJC_LITERAL_CONVERSION = YES;
				CLANG_WARN_OBJC_ROOT_CLASS = YES_ERROR;
				CLANG_WARN_QUOTED_INCLUDE_IN_FRAMEWORK_HEADER = YES;
				CLANG_WARN_RANGE_LOOP_ANALYSIS = YES;
				CLANG_WARN_STRICT_PROTOTYPES = YES;
				CLANG_WARN_SUSPICIOUS_MOVE = YES;
				CLANG_WARN_UNGUARDED_AVAILABILITY = YES_AGGRESSIVE;
				CLANG_WARN_UNREACHABLE_CODE = YES;
				CLANG_WARN__DUPLICATE_METHOD_MATCH = YES;
				COPY_PHASE_STRIP = NO;
				DEBUG_INFORMATION_FORMAT = "dwarf-with-dsym";
				ENABLE_NS_ASSERTIONS = NO;
				ENABLE_STRICT_OBJC_MSGSEND = YES;
				ENABLE_USER_SCRIPT_SANDBOXING = YES;
				GCC_C_LANGUAGE_STANDARD = gnu17;
				GCC_NO_COMMON_BLOCKS = YES;
				GCC_WARN_64_TO_32_BIT_CONVERSION = YES;
				GCC_WARN_ABOUT_RETURN_TYPE = YES_ERROR;
				GCC_WARN_UNDECLARED_SELECTOR = YES;
				GCC_WARN_UNINITIALIZED_AUTOS = YES_AGGRESSIVE;
				GCC_WARN_UNUSED_FUNCTION = YES;
				GCC_WARN_UNUSED_VARIABLE = YES;
				IPHONEOS_DEPLOYMENT_TARGET = 17.0;
				LOCALIZATION_PREFERS_STRING_CATALOGS = YES;
				MTL_ENABLE_DEBUG_INFO = NO;
				MTL_FAST_MATH = YES;
				SDKROOT = iphoneos;
				SWIFT_COMPILATION_MODE = wholemodule;
				VALIDATE_PRODUCT = YES;
			};
			name = Release;
		};
		541F59012B13DAC30011B157 /* Debug */ = {
			isa = XCBuildConfiguration;
			baseConfigurationReference = 8E13B19C447F6B642F4347B9 /* Pods-Lessons2.debug.xcconfig */;
			buildSettings = {
				ASSETCATALOG_COMPILER_APPICON_NAME = AppIcon;
				ASSETCATALOG_COMPILER_GLOBAL_ACCENT_COLOR_NAME = AccentColor;
				CODE_SIGN_STYLE = Automatic;
				CURRENT_PROJECT_VERSION = 1;
				DEVELOPMENT_TEAM = T7TAZ7WY2L;
				GENERATE_INFOPLIST_FILE = YES;
				INFOPLIST_FILE = Lessons2/Info.plist;
				INFOPLIST_KEY_UIApplicationSupportsIndirectInputEvents = YES;
				INFOPLIST_KEY_UILaunchStoryboardName = LaunchScreen;
				INFOPLIST_KEY_UIMainStoryboardFile = Main;
				INFOPLIST_KEY_UISupportedInterfaceOrientations_iPad = "UIInterfaceOrientationPortrait UIInterfaceOrientationPortraitUpsideDown UIInterfaceOrientationLandscapeLeft UIInterfaceOrientationLandscapeRight";
				INFOPLIST_KEY_UISupportedInterfaceOrientations_iPhone = "UIInterfaceOrientationPortrait UIInterfaceOrientationLandscapeLeft UIInterfaceOrientationLandscapeRight";
				LD_RUNPATH_SEARCH_PATHS = (
					"$(inherited)",
					"@executable_path/Frameworks",
				);
				MARKETING_VERSION = 1.0;
				PRODUCT_BUNDLE_IDENTIFIER = Lessons1.Lessons2;
				PRODUCT_NAME = "$(TARGET_NAME)";
				SWIFT_EMIT_LOC_STRINGS = YES;
				SWIFT_VERSION = 5.0;
				TARGETED_DEVICE_FAMILY = "1,2";
			};
			name = Debug;
		};
		541F59022B13DAC30011B157 /* Release */ = {
			isa = XCBuildConfiguration;
			baseConfigurationReference = 288EA741E89225FF8690D6B5 /* Pods-Lessons2.release.xcconfig */;
			buildSettings = {
				ASSETCATALOG_COMPILER_APPICON_NAME = AppIcon;
				ASSETCATALOG_COMPILER_GLOBAL_ACCENT_COLOR_NAME = AccentColor;
				CODE_SIGN_STYLE = Automatic;
				CURRENT_PROJECT_VERSION = 1;
				DEVELOPMENT_TEAM = T7TAZ7WY2L;
				GENERATE_INFOPLIST_FILE = YES;
				INFOPLIST_FILE = Lessons2/Info.plist;
				INFOPLIST_KEY_UIApplicationSupportsIndirectInputEvents = YES;
				INFOPLIST_KEY_UILaunchStoryboardName = LaunchScreen;
				INFOPLIST_KEY_UIMainStoryboardFile = Main;
				INFOPLIST_KEY_UISupportedInterfaceOrientations_iPad = "UIInterfaceOrientationPortrait UIInterfaceOrientationPortraitUpsideDown UIInterfaceOrientationLandscapeLeft UIInterfaceOrientationLandscapeRight";
				INFOPLIST_KEY_UISupportedInterfaceOrientations_iPhone = "UIInterfaceOrientationPortrait UIInterfaceOrientationLandscapeLeft UIInterfaceOrientationLandscapeRight";
				LD_RUNPATH_SEARCH_PATHS = (
					"$(inherited)",
					"@executable_path/Frameworks",
				);
				MARKETING_VERSION = 1.0;
				PRODUCT_BUNDLE_IDENTIFIER = Lessons1.Lessons2;
				PRODUCT_NAME = "$(TARGET_NAME)";
				SWIFT_EMIT_LOC_STRINGS = YES;
				SWIFT_VERSION = 5.0;
				TARGETED_DEVICE_FAMILY = "1,2";
			};
			name = Release;
		};
/* End XCBuildConfiguration section */

/* Begin XCConfigurationList section */
		541F58E42B13DAC00011B157 /* Build configuration list for PBXProject "Lessons2" */ = {
			isa = XCConfigurationList;
			buildConfigurations = (
				541F58FE2B13DAC30011B157 /* Debug */,
				541F58FF2B13DAC30011B157 /* Release */,
			);
			defaultConfigurationIsVisible = 0;
			defaultConfigurationName = Release;
		};
		541F59002B13DAC30011B157 /* Build configuration list for PBXNativeTarget "Lessons2" */ = {
			isa = XCConfigurationList;
			buildConfigurations = (
				541F59012B13DAC30011B157 /* Debug */,
				541F59022B13DAC30011B157 /* Release */,
			);
			defaultConfigurationIsVisible = 0;
			defaultConfigurationName = Release;
		};
/* End XCConfigurationList section */

/* Begin XCVersionGroup section */
		541F58F52B13DAC00011B157 /* Lessons2.xcdatamodeld */ = {
			isa = XCVersionGroup;
			children = (
				541F58F62B13DAC00011B157 /* Lessons2.xcdatamodel */,
			);
			currentVersion = 541F58F62B13DAC00011B157 /* Lessons2.xcdatamodel */;
			path = Lessons2.xcdatamodeld;
			sourceTree = "<group>";
			versionGroupType = wrapper.xcdatamodel;
		};
/* End XCVersionGroup section */
	};
	rootObject = 541F58E12B13DAC00011B157 /* Project object */;
}
